
Microsoft Visual Studio Solution File, Format Version 12.00
# Visual Studio 14
VisualStudioVersion = 14.0.25420.1
MinimumVisualStudioVersion = 10.0.40219.1
Project("{FAE04EC0-301F-11D3-BF4B-00C04F79EFBC}") = "Recruitement", "Recruitement\Recruitement.csproj", "{BB19561B-03BB-429C-AA03-3641CB7594CC}"
EndProject
Project("{FAE04EC0-301F-11D3-BF4B-00C04F79EFBC}") = "HR", "HR\HR.csproj", "{DDA2D6FD-D9D6-45FB-978E-5B0F7EDCAB52}"
EndProject
Global
	GlobalSection(SolutionConfigurationPlatforms) = preSolution
		Debug|Any CPU = Debug|Any CPU
		Release|Any CPU = Release|Any CPU
	EndGlobalSection
	GlobalSection(ProjectConfigurationPlatforms) = postSolution
		{BB19561B-03BB-429C-AA03-3641CB7594CC}.Debug|Any CPU.ActiveCfg = Debug|Any CPU
		{BB19561B-03BB-429C-AA03-3641CB7594CC}.Debug|Any CPU.Build.0 = Debug|Any CPU
		{BB19561B-03BB-429C-AA03-3641CB7594CC}.Release|Any CPU.ActiveCfg = Release|Any CPU
		{BB19561B-03BB-429C-AA03-3641CB7594CC}.Release|Any CPU.Build.0 = Release|Any CPU
		{DDA2D6FD-D9D6-45FB-978E-5B0F7EDCAB52}.Debug|Any CPU.ActiveCfg = Debug|Any CPU
		{DDA2D6FD-D9D6-45FB-978E-5B0F7EDCAB52}.Debug|Any CPU.Build.0 = Debug|Any CPU
		{DDA2D6FD-D9D6-45FB-978E-5B0F7EDCAB52}.Release|Any CPU.ActiveCfg = Release|Any CPU
		{DDA2D6FD-D9D6-45FB-978E-5B0F7EDCAB52}.Release|Any CPU.Build.0 = Release|Any CPU
	EndGlobalSection
	GlobalSection(SolutionProperties) = preSolution
		HideSolutionNode = FALSE
	EndGlobalSection
EndGlobal
